// !$*UTF8*$!
{
	archiveVersion = 1;
	classes = {
	};
	objectVersion = 50;
	objects = {

/* Begin PBXBuildFile section */
		49F5F553225C97F700D5897E /* AppDelegate.swift in Sources */ = {isa = PBXBuildFile; fileRef = 49F5F552225C97F700D5897E /* AppDelegate.swift */; };
		49F5F555225C97F700D5897E /* ViewController.swift in Sources */ = {isa = PBXBuildFile; fileRef = 49F5F554225C97F700D5897E /* ViewController.swift */; };
		49F5F558225C97F700D5897E /* Main.storyboard in Resources */ = {isa = PBXBuildFile; fileRef = 49F5F556225C97F700D5897E /* Main.storyboard */; };
		49F5F55A225C97F900D5897E /* Assets.xcassets in Resources */ = {isa = PBXBuildFile; fileRef = 49F5F559225C97F900D5897E /* Assets.xcassets */; };
		49F5F55D225C97F900D5897E /* LaunchScreen.storyboard in Resources */ = {isa = PBXBuildFile; fileRef = 49F5F55B225C97F900D5897E /* LaunchScreen.storyboard */; };
		49F5F565225C996B00D5897E /* MyTableViewCell.swift in Sources */ = {isa = PBXBuildFile; fileRef = 49F5F564225C996B00D5897E /* MyTableViewCell.swift */; };
		49F5F56D225C9EB800D5897E /* Asp.jpg in Resources */ = {isa = PBXBuildFile; fileRef = 49F5F567225C9EB800D5897E /* Asp.jpg */; };
		49F5F56E225C9EB800D5897E /* C.png in Resources */ = {isa = PBXBuildFile; fileRef = 49F5F568225C9EB800D5897E /* C.png */; };
		49F5F56F225C9EB800D5897E /* IOSImage.jpg in Resources */ = {isa = PBXBuildFile; fileRef = 49F5F569225C9EB800D5897E /* IOSImage.jpg */; };
		49F5F570225C9EB800D5897E /* Laravel.png in Resources */ = {isa = PBXBuildFile; fileRef = 49F5F56A225C9EB800D5897E /* Laravel.png */; };
		49F5F571225C9EB800D5897E /* php.png in Resources */ = {isa = PBXBuildFile; fileRef = 49F5F56B225C9EB800D5897E /* php.png */; };
		49F5F572225C9EB800D5897E /* swift.jpg in Resources */ = {isa = PBXBuildFile; fileRef = 49F5F56C225C9EB800D5897E /* swift.jpg */; };
/* End PBXBuildFile section */

/* Begin PBXFileReference section */
		49F5F54F225C97F700D5897E /* TableViewWithArray.app */ = {isa = PBXFileReference; explicitFileType = wrapper.application; includeInIndex = 0; path = TableViewWithArray.app; sourceTree = BUILT_PRODUCTS_DIR; };
		49F5F552225C97F700D5897E /* AppDelegate.swift */ = {isa = PBXFileReference; lastKnownFileType = sourcecode.swift; path = AppDelegate.swift; sourceTree = "<group>"; };
		49F5F554225C97F700D5897E /* ViewController.swift */ = {isa = PBXFileReference; lastKnownFileType = sourcecode.swift; path = ViewController.swift; sourceTree = "<group>"; };
		49F5F557225C97F700D5897E /* Base */ = {isa = PBXFileReference; lastKnownFileType = file.storyboard; name = Base; path = Base.lproj/Main.storyboard; sourceTree = "<group>"; };
		49F5F559225C97F900D5897E /* Assets.xcassets */ = {isa = PBXFileReference; lastKnownFileType = folder.assetcatalog; path = Assets.xcassets; sourceTree = "<group>"; };
		49F5F55C225C97F900D5897E /* Base */ = {isa = PBXFileReference; lastKnownFileType = file.storyboard; name = Base; path = Base.lproj/LaunchScreen.storyboard; sourceTree = "<group>"; };
		49F5F55E225C97F900D5897E /* Info.plist */ = {isa = PBXFileReference; lastKnownFileType = text.plist.xml; path = Info.plist; sourceTree = "<group>"; };
		49F5F564225C996B00D5897E /* MyTableViewCell.swift */ = {isa = PBXFileReference; lastKnownFileType = sourcecode.swift; path = MyTableViewCell.swift; sourceTree = "<group>"; };
		49F5F567225C9EB800D5897E /* Asp.jpg */ = {isa = PBXFileReference; lastKnownFileType = image.jpeg; path = Asp.jpg; sourceTree = "<group>"; };
		49F5F568225C9EB800D5897E /* C.png */ = {isa = PBXFileReference; lastKnownFileType = image.png; path = C.png; sourceTree = "<group>"; };
		49F5F569225C9EB800D5897E /* IOSImage.jpg */ = {isa = PBXFileReference; lastKnownFileType = image.jpeg; path = IOSImage.jpg; sourceTree = "<group>"; };
		49F5F56A225C9EB800D5897E /* Laravel.png */ = {isa = PBXFileReference; lastKnownFileType = image.png; path = Laravel.png; sourceTree = "<group>"; };
		49F5F56B225C9EB800D5897E /* php.png */ = {isa = PBXFileReference; lastKnownFileType = image.png; path = php.png; sourceTree = "<group>"; };
		49F5F56C225C9EB800D5897E /* swift.jpg */ = {isa = PBXFileReference; lastKnownFileType = image.jpeg; path = swift.jpg; sourceTree = "<group>"; };
/* End PBXFileReference section */

/* Begin PBXFrameworksBuildPhase section */
		49F5F54C225C97F700D5897E /* Frameworks */ = {
			isa = PBXFrameworksBuildPhase;
			buildActionMask = 2147483647;
			files = (
			);
			runOnlyForDeploymentPostprocessing = 0;
		};
/* End PBXFrameworksBuildPhase section */

/* Begin PBXGroup section */
		49F5F546225C97F700D5897E = {
			isa = PBXGroup;
			children = (
				49F5F551225C97F700D5897E /* TableViewWithArray */,
				49F5F550225C97F700D5897E /* Products */,
			);
			sourceTree = "<group>";
		};
		49F5F550225C97F700D5897E /* Products */ = {
			isa = PBXGroup;
			children = (
				49F5F54F225C97F700D5897E /* TableViewWithArray.app */,
			);
			name = Products;
			sourceTree = "<group>";
		};
		49F5F551225C97F700D5897E /* TableViewWithArray */ = {
			isa = PBXGroup;
			children = (
				49F5F566225C9EB800D5897E /* Images */,
				49F5F552225C97F700D5897E /* AppDelegate.swift */,
				49F5F554225C97F700D5897E /* ViewController.swift */,
				49F5F556225C97F700D5897E /* Main.storyboard */,
				49F5F564225C996B00D5897E /* MyTableViewCell.swift */,
				49F5F559225C97F900D5897E /* Assets.xcassets */,
				49F5F55B225C97F900D5897E /* LaunchScreen.storyboard */,
				49F5F55E225C97F900D5897E /* Info.plist */,
			);
			path = TableViewWithArray;
			sourceTree = "<group>";
		};
		49F5F566225C9EB800D5897E /* Images */ = {
			isa = PBXGroup;
			children = (
				49F5F567225C9EB800D5897E /* Asp.jpg */,
				49F5F568225C9EB800D5897E /* C.png */,
				49F5F569225C9EB800D5897E /* IOSImage.jpg */,
				49F5F56A225C9EB800D5897E /* Laravel.png */,
				49F5F56B225C9EB800D5897E /* php.png */,
				49F5F56C225C9EB800D5897E /* swift.jpg */,
			);
			path = Images;
			sourceTree = "<group>";
		};
/* End PBXGroup section */

/* Begin PBXNativeTarget section */
		49F5F54E225C97F700D5897E /* TableViewWithArray */ = {
			isa = PBXNativeTarget;
			buildConfigurationList = 49F5F561225C97F900D5897E /* Build configuration list for PBXNativeTarget "TableViewWithArray" */;
			buildPhases = (
				49F5F54B225C97F700D5897E /* Sources */,
				49F5F54C225C97F700D5897E /* Frameworks */,
				49F5F54D225C97F700D5897E /* Resources */,
			);
			buildRules = (
			);
			dependencies = (
			);
			name = TableViewWithArray;
			productName = TableViewWithArray;
			productReference = 49F5F54F225C97F700D5897E /* TableViewWithArray.app */;
			productType = "com.apple.product-type.application";
		};
/* End PBXNativeTarget section */

/* Begin PBXProject section */
		49F5F547225C97F700D5897E /* Project object */ = {
			isa = PBXProject;
			attributes = {
				LastSwiftUpdateCheck = 1020;
				LastUpgradeCheck = 1020;
				ORGANIZATIONNAME = "Akash Padhiyar";
				TargetAttributes = {
					49F5F54E225C97F700D5897E = {
						CreatedOnToolsVersion = 10.2;
					};
				};
			};
			buildConfigurationList = 49F5F54A225C97F700D5897E /* Build configuration list for PBXProject "TableViewWithArray" */;
			compatibilityVersion = "Xcode 9.3";
			developmentRegion = en;
			hasScannedForEncodings = 0;
			knownRegions = (
				en,
				Base,
			);
			mainGroup = 49F5F546225C97F700D5897E;
			productRefGroup = 49F5F550225C97F700D5897E /* Products */;
			projectDirPath = "";
			projectRoot = "";
			targets = (
				49F5F54E225C97F700D5897E /* TableViewWithArray */,
			);
		};
/* End PBXProject section */

/* Begin PBXResourcesBuildPhase section */
		49F5F54D225C97F700D5897E /* Resources */ = {
			isa = PBXResourcesBuildPhase;
			buildActionMask = 2147483647;
			files = (
				49F5F55D225C97F900D5897E /* LaunchScreen.storyboard in Resources */,
				49F5F572225C9EB800D5897E /* swift.jpg in Resources */,
				49F5F55A225C97F900D5897E /* Assets.xcassets in Resources */,
				49F5F571225C9EB800D5897E /* php.png in Resources */,
				49F5F570225C9EB800D5897E /* Laravel.png in Resources */,
				49F5F56D225C9EB800D5897E /* Asp.jpg in Resources */,
				49F5F56E225C9EB800D5897E /* C.png in Resources */,
				49F5F558225C97F700D5897E /* Main.storyboard in Resources */,
				49F5F56F225C9EB800D5897E /* IOSImage.jpg in Resources */,
			);
			runOnlyForDeploymentPostprocessing = 0;
		};
/* End PBXResourcesBuildPhase section */

/* Begin PBXSourcesBuildPhase section */
		49F5F54B225C97F700D5897E /* Sources */ = {
			isa = PBXSourcesBuildPhase;
			buildActionMask = 2147483647;
			files = (
				49F5F555225C97F700D5897E /* ViewController.swift in Sources */,
				49F5F553225C97F700D5897E /* AppDelegate.swift in Sources */,
				49F5F565225C996B00D5897E /* MyTableViewCell.swift in Sources */,
			);
			runOnlyForDeploymentPostprocessing = 0;
		};
/* End PBXSourcesBuildPhase section */

/* Begin PBXVariantGroup section */
		49F5F556225C97F700D5897E /* Main.storyboard */ = {
			isa = PBXVariantGroup;
			children = (
				49F5F557225C97F700D5897E /* Base */,
			);
			name = Main.storyboard;
			sourceTree = "<group>";
		};
		49F5F55B225C97F900D5897E /* LaunchScreen.storyboard */ = {
			isa = PBXVariantGroup;
			children = (
				49F5F55C225C97F900D5897E /* Base */,
			);
			name = LaunchScreen.storyboard;
			sourceTree = "<group>";
		};
/* End PBXVariantGroup section */

/* Begin XCBuildConfiguration section */
		49F5F55F225C97F900D5897E /* Debug */ = {
			isa = XCBuildConfiguration;
			buildSettings = {
				ALWAYS_SEARCH_USER_PATHS = NO;
				CLANG_ANALYZER_NONNULL = YES;
				CLANG_ANALYZER_NUMBER_OBJECT_CONVERSION = YES_AGGRESSIVE;
				CLANG_CXX_LANGUAGE_STANDARD = "gnu++14";
				CLANG_CXX_LIBRARY = "libc++";
				CLANG_ENABLE_MODULES = YES;
				CLANG_ENABLE_OBJC_ARC = YES;
				CLANG_ENABLE_OBJC_WEAK = YES;
				CLANG_WARN_BLOCK_CAPTURE_AUTORELEASING = YES;
				CLANG_WARN_BOOL_CONVERSION = YES;
				CLANG_WARN_COMMA = YES;
				CLANG_WARN_CONSTANT_CONVERSION = YES;
				CLANG_WARN_DEPRECATED_OBJC_IMPLEMENTATIONS = YES;
				CLANG_WARN_DIRECT_OBJC_ISA_USAGE = YES_ERROR;
				CLANG_WARN_DOCUMENTATION_COMMENTS = YES;
				CLANG_WARN_EMPTY_BODY = YES;
				CLANG_WARN_ENUM_CONVERSION = YES;
				CLANG_WARN_INFINITE_RECURSION = YES;
				CLANG_WARN_INT_CONVERSION = YES;
				CLANG_WARN_NON_LITERAL_NULL_CONVERSION = YES;
				CLANG_WARN_OBJC_IMPLICIT_RETAIN_SELF = YES;
				CLANG_WARN_OBJC_LITERAL_CONVERSION = YES;
				CLANG_WARN_OBJC_ROOT_CLASS = YES_ERROR;
				CLANG_WARN_RANGE_LOOP_ANALYSIS = YES;
				CLANG_WARN_STRICT_PROTOTYPES = YES;
				CLANG_WARN_SUSPICIOUS_MOVE = YES;
				CLANG_WARN_UNGUARDED_AVAILABILITY = YES_AGGRESSIVE;
				CLANG_WARN_UNREACHABLE_CODE = YES;
				CLANG_WARN__DUPLICATE_METHOD_MATCH = YES;
				CODE_SIGN_IDENTITY = "iPhone Developer";
				COPY_PHASE_STRIP = NO;
				DEBUG_INFORMATION_FORMAT = dwarf;
				ENABLE_STRICT_OBJC_MSGSEND = YES;
				ENABLE_TESTABILITY = YES;
				GCC_C_LANGUAGE_STANDARD = gnu11;
				GCC_DYNAMIC_NO_PIC = NO;
				GCC_NO_COMMON_BLOCKS = YES;
				GCC_OPTIMIZATION_LEVEL = 0;
				GCC_PREPROCESSOR_DEFINITIONS = (
					"DEBUG=1",
					"$(inherited)",
				);
				GCC_WARN_64_TO_32_BIT_CONVERSION = YES;
				GCC_WARN_ABOUT_RETURN_TYPE = YES_ERROR;
				GCC_WARN_UNDECLARED_SELECTOR = YES;
				GCC_WARN_UNINITIALIZED_AUTOS = YES_AGGRESSIVE;
				GCC_WARN_UNUSED_FUNCTION = YES;
				GCC_WARN_UNUSED_VARIABLE = YES;
				IPHONEOS_DEPLOYMENT_TARGET = 12.2;
				MTL_ENABLE_DEBUG_INFO = INCLUDE_SOURCE;
				MTL_FAST_MATH = YES;
				ONLY_ACTIVE_ARCH = YES;
				SDKROOT = iphoneos;
				SWIFT_ACTIVE_COMPILATION_CONDITIONS = DEBUG;
				SWIFT_OPTIMIZATION_LEVEL = "-Onone";
			};
			name = Debug;
		};
		49F5F560225C97F900D5897E /* Release */ = {
			isa = XCBuildConfiguration;
			buildSettings = {
				ALWAYS_SEARCH_USER_PATHS = NO;
				CLANG_ANALYZER_NONNULL = YES;
				CLANG_ANALYZER_NUMBER_OBJECT_CONVERSION = YES_AGGRESSIVE;
				CLANG_CXX_LANGUAGE_STANDARD = "gnu++14";
				CLANG_CXX_LIBRARY = "libc++";
				CLANG_ENABLE_MODULES = YES;
				CLANG_ENABLE_OBJC_ARC = YES;
				CLANG_ENABLE_OBJC_WEAK = YES;
				CLANG_WARN_BLOCK_CAPTURE_AUTORELEASING = YES;
				CLANG_WARN_BOOL_CONVERSION = YES;
				CLANG_WARN_COMMA = YES;
				CLANG_WARN_CONSTANT_CONVERSION = YES;
				CLANG_WARN_DEPRECATED_OBJC_IMPLEMENTATIONS = YES;
				CLANG_WARN_DIRECT_OBJC_ISA_USAGE = YES_ERROR;
				CLANG_WARN_DOCUMENTATION_COMMENTS = YES;
				CLANG_WARN_EMPTY_BODY = YES;
				CLANG_WARN_ENUM_CONVERSION = YES;
				CLANG_WARN_INFINITE_RECURSION = YES;
				CLANG_WARN_INT_CONVERSION = YES;
				CLANG_WARN_NON_LITERAL_NULL_CONVERSION = YES;
				CLANG_WARN_OBJC_IMPLICIT_RETAIN_SELF = YES;
				CLANG_WARN_OBJC_LITERAL_CONVERSION = YES;
				CLANG_WARN_OBJC_ROOT_CLASS = YES_ERROR;
				CLANG_WARN_RANGE_LOOP_ANALYSIS = YES;
				CLANG_WARN_STRICT_PROTOTYPES = YES;
				CLANG_WARN_SUSPICIOUS_MOVE = YES;
				CLANG_WARN_UNGUARDED_AVAILABILITY = YES_AGGRESSIVE;
				CLANG_WARN_UNREACHABLE_CODE = YES;
				CLANG_WARN__DUPLICATE_METHOD_MATCH = YES;
				CODE_SIGN_IDENTITY = "iPhone Developer";
				COPY_PHASE_STRIP = NO;
				DEBUG_INFORMATION_FORMAT = "dwarf-with-dsym";
				ENABLE_NS_ASSERTIONS = NO;
				ENABLE_STRICT_OBJC_MSGSEND = YES;
				GCC_C_LANGUAGE_STANDARD = gnu11;
				GCC_NO_COMMON_BLOCKS = YES;
				GCC_WARN_64_TO_32_BIT_CONVERSION = YES;
				GCC_WARN_ABOUT_RETURN_TYPE = YES_ERROR;
				GCC_WARN_UNDECLARED_SELECTOR = YES;
				GCC_WARN_UNINITIALIZED_AUTOS = YES_AGGRESSIVE;
				GCC_WARN_UNUSED_FUNCTION = YES;
				GCC_WARN_UNUSED_VARIABLE = YES;
				IPHONEOS_DEPLOYMENT_TARGET = 12.2;
				MTL_ENABLE_DEBUG_INFO = NO;
				MTL_FAST_MATH = YES;
				SDKROOT = iphoneos;
				SWIFT_COMPILATION_MODE = wholemodule;
				SWIFT_OPTIMIZATION_LEVEL = "-O";
				VALIDATE_PRODUCT = YES;
			};
			name = Release;
		};
		49F5F562225C97F900D5897E /* Debug */ = {
			isa = XCBuildConfiguration;
			buildSettings = {
				ASSETCATALOG_COMPILER_APPICON_NAME = AppIcon;
				CODE_SIGN_STYLE = Automatic;
				DEVELOPMENT_TEAM = CVSFX684F5;
				INFOPLIST_FILE = TableViewWithArray/Info.plist;
				LD_RUNPATH_SEARCH_PATHS = (
					"$(inherited)",
					"@executable_path/Frameworks",
				);
				PRODUCT_BUNDLE_IDENTIFIER = com.akashtechnolabs.TableViewWithArray;
				PRODUCT_NAME = "$(TARGET_NAME)";
				SWIFT_VERSION = 5.0;
				TARGETED_DEVICE_FAMILY = "1,2";
			};
			name = Debug;
		};
		49F5F563225C97F900D5897E /* Release */ = {
			isa = XCBuildConfiguration;
			buildSettings = {
				ASSETCATALOG_COMPILER_APPICON_NAME = AppIcon;
				CODE_SIGN_STYLE = Automatic;
				DEVELOPMENT_TEAM = CVSFX684F5;
				INFOPLIST_FILE = TableViewWithArray/Info.plist;
				LD_RUNPATH_SEARCH_PATHS = (
					"$(inherited)",
					"@executable_path/Frameworks",
				);
				PRODUCT_BUNDLE_IDENTIFIER = com.akashtechnolabs.TableViewWithArray;
				PRODUCT_NAME = "$(TARGET_NAME)";
				SWIFT_VERSION = 5.0;
				TARGETED_DEVICE_FAMILY = "1,2";
			};
			name = Release;
		};
/* End XCBuildConfiguration section */

/* Begin XCConfigurationList section */
		49F5F54A225C97F700D5897E /* Build configuration list for PBXProject "TableViewWithArray" */ = {
			isa = XCConfigurationList;
			buildConfigurations = (
				49F5F55F225C97F900D5897E /* Debug */,
				49F5F560225C97F900D5897E /* Release */,
			);
			defaultConfigurationIsVisible = 0;
			defaultConfigurationName = Release;
		};
		49F5F561225C97F900D5897E /* Build configuration list for PBXNativeTarget "TableViewWithArray" */ = {
			isa = XCConfigurationList;
			buildConfigurations = (
				49F5F562225C97F900D5897E /* Debug */,
				49F5F563225C97F900D5897E /* Release */,
			);
			defaultConfigurationIsVisible = 0;
			defaultConfigurationName = Release;
		};
/* End XCConfigurationList section */
	};
	rootObject = 49F5F547225C97F700D5897E /* Project object */;
}
